
Microsoft Visual Studio Solution File, Format Version 12.00
# Visual Studio Version 16
VisualStudioVersion = 16.0.31205.134
MinimumVisualStudioVersion = 10.0.40219.1
Project("{FAE04EC0-301F-11D3-BF4B-00C04F79EFBC}") = "DrawCalculationLib", "DrawCalculationLib.csproj", "{CC03D061-5327-4417-941E-64338799BEB8}"
EndProject
Global
	GlobalSection(SolutionConfigurationPlatforms) = preSolution
		Debug|Any CPU = Debug|Any CPU
		Release|Any CPU = Release|Any CPU
	EndGlobalSection
	GlobalSection(ProjectConfigurationPlatforms) = postSolution
		{CC03D061-5327-4417-941E-64338799BEB8}.Debug|Any CPU.ActiveCfg = Debug|Any CPU
		{CC03D061-5327-4417-941E-64338799BEB8}.Debug|Any CPU.Build.0 = Debug|Any CPU
		{CC03D061-5327-4417-941E-64338799BEB8}.Release|Any CPU.ActiveCfg = Release|Any CPU
		{CC03D061-5327-4417-941E-64338799BEB8}.Release|Any CPU.Build.0 = Release|Any CPU
	EndGlobalSection
	GlobalSection(SolutionProperties) = preSolution
		HideSolutionNode = FALSE
	EndGlobalSection
	GlobalSection(ExtensibilityGlobals) = postSolution
		SolutionGuid = {C6EC10D4-0088-4013-91CE-0D45922D1CFF}
	EndGlobalSection
EndGlobal
