
Microsoft Visual Studio Solution File, Format Version 12.00
# Visual Studio Version 16
VisualStudioVersion = 16.0.30907.101
MinimumVisualStudioVersion = 10.0.40219.1
Project("{FAE04EC0-301F-11D3-BF4B-00C04F79EFBC}") = "AssemblyLib", "AssemblyLib.csproj", "{0E54A176-E260-4436-AD95-D3A4F5C10B10}"
EndProject
Global
	GlobalSection(SolutionConfigurationPlatforms) = preSolution
		Debug|Any CPU = Debug|Any CPU
		Release|Any CPU = Release|Any CPU
	EndGlobalSection
	GlobalSection(ProjectConfigurationPlatforms) = postSolution
		{0E54A176-E260-4436-AD95-D3A4F5C10B10}.Debug|Any CPU.ActiveCfg = Debug|Any CPU
		{0E54A176-E260-4436-AD95-D3A4F5C10B10}.Debug|Any CPU.Build.0 = Debug|Any CPU
		{0E54A176-E260-4436-AD95-D3A4F5C10B10}.Release|Any CPU.ActiveCfg = Release|Any CPU
		{0E54A176-E260-4436-AD95-D3A4F5C10B10}.Release|Any CPU.Build.0 = Release|Any CPU
	EndGlobalSection
	GlobalSection(SolutionProperties) = preSolution
		HideSolutionNode = FALSE
	EndGlobalSection
	GlobalSection(ExtensibilityGlobals) = postSolution
		SolutionGuid = {2A10FC19-DA94-4B74-872C-30A4BB9375A1}
	EndGlobalSection
EndGlobal
