
Microsoft Visual Studio Solution File, Format Version 12.00
# Visual Studio Version 16
VisualStudioVersion = 16.0.31205.134
MinimumVisualStudioVersion = 10.0.40219.1
Project("{FAE04EC0-301F-11D3-BF4B-00C04F79EFBC}") = "CalculationLib", "CalculationLib.csproj", "{715DFDCF-765B-4887-A396-BAFA590B0275}"
EndProject
Global
	GlobalSection(SolutionConfigurationPlatforms) = preSolution
		Debug|Any CPU = Debug|Any CPU
		Release|Any CPU = Release|Any CPU
	EndGlobalSection
	GlobalSection(ProjectConfigurationPlatforms) = postSolution
		{715DFDCF-765B-4887-A396-BAFA590B0275}.Debug|Any CPU.ActiveCfg = Debug|Any CPU
		{715DFDCF-765B-4887-A396-BAFA590B0275}.Debug|Any CPU.Build.0 = Debug|Any CPU
		{715DFDCF-765B-4887-A396-BAFA590B0275}.Release|Any CPU.ActiveCfg = Release|Any CPU
		{715DFDCF-765B-4887-A396-BAFA590B0275}.Release|Any CPU.Build.0 = Release|Any CPU
	EndGlobalSection
	GlobalSection(SolutionProperties) = preSolution
		HideSolutionNode = FALSE
	EndGlobalSection
	GlobalSection(ExtensibilityGlobals) = postSolution
		SolutionGuid = {76CB2345-9B05-4317-9140-FF0750FF869A}
	EndGlobalSection
EndGlobal
