
Microsoft Visual Studio Solution File, Format Version 12.00
# Visual Studio Version 16
VisualStudioVersion = 16.0.31205.134
MinimumVisualStudioVersion = 10.0.40219.1
Project("{FAE04EC0-301F-11D3-BF4B-00C04F79EFBC}") = "ExcelDataLib", "ExcelDataLib.csproj", "{135B58CB-C30C-4500-84C4-0A67A68C7812}"
EndProject
Global
	GlobalSection(SolutionConfigurationPlatforms) = preSolution
		Debug|Any CPU = Debug|Any CPU
		Release|Any CPU = Release|Any CPU
	EndGlobalSection
	GlobalSection(ProjectConfigurationPlatforms) = postSolution
		{135B58CB-C30C-4500-84C4-0A67A68C7812}.Debug|Any CPU.ActiveCfg = Debug|Any CPU
		{135B58CB-C30C-4500-84C4-0A67A68C7812}.Debug|Any CPU.Build.0 = Debug|Any CPU
		{135B58CB-C30C-4500-84C4-0A67A68C7812}.Release|Any CPU.ActiveCfg = Release|Any CPU
		{135B58CB-C30C-4500-84C4-0A67A68C7812}.Release|Any CPU.Build.0 = Release|Any CPU
	EndGlobalSection
	GlobalSection(SolutionProperties) = preSolution
		HideSolutionNode = FALSE
	EndGlobalSection
	GlobalSection(ExtensibilityGlobals) = postSolution
		SolutionGuid = {2D1D9D90-590B-4F8A-9E49-03E04C12C513}
	EndGlobalSection
EndGlobal
